
Microsoft Visual Studio Solution File, Format Version 12.00
# Visual Studio Version 16
VisualStudioVersion = 16.0.31605.320
MinimumVisualStudioVersion = 10.0.40219.1
Project("{FAE04EC0-301F-11D3-BF4B-00C04F79EFBC}") = "HappyCommunication.API", "HappyCommunication.API\HappyCommunication.API.csproj", "{1A99DC7F-E579-433D-A414-4AE33CAE98EC}"
EndProject
Global
	GlobalSection(SolutionConfigurationPlatforms) = preSolution
		Debug|Any CPU = Debug|Any CPU
		Release|Any CPU = Release|Any CPU
	EndGlobalSection
	GlobalSection(ProjectConfigurationPlatforms) = postSolution
		{1A99DC7F-E579-433D-A414-4AE33CAE98EC}.Debug|Any CPU.ActiveCfg = Debug|Any CPU
		{1A99DC7F-E579-433D-A414-4AE33CAE98EC}.Debug|Any CPU.Build.0 = Debug|Any CPU
		{1A99DC7F-E579-433D-A414-4AE33CAE98EC}.Release|Any CPU.ActiveCfg = Release|Any CPU
		{1A99DC7F-E579-433D-A414-4AE33CAE98EC}.Release|Any CPU.Build.0 = Release|Any CPU
	EndGlobalSection
	GlobalSection(SolutionProperties) = preSolution
		HideSolutionNode = FALSE
	EndGlobalSection
	GlobalSection(ExtensibilityGlobals) = postSolution
		SolutionGuid = {151ADD9B-4638-4A47-ABC1-2362C407F113}
	EndGlobalSection
EndGlobal
